// !$*UTF8*$!
{
	archiveVersion = 1;
	classes = {
	};
	objectVersion = 50;
	objects = {

/* Begin PBXBuildFile section */
		AC0F34B1240F4AFB006C5F45 /* AppDelegate.swift in Sources */ = {isa = PBXBuildFile; fileRef = AC0F34B0240F4AFB006C5F45 /* AppDelegate.swift */; };
		AC0F34B3240F4AFB006C5F45 /* SceneDelegate.swift in Sources */ = {isa = PBXBuildFile; fileRef = AC0F34B2240F4AFB006C5F45 /* SceneDelegate.swift */; };
		AC0F34B5240F4AFB006C5F45 /* ViewController.swift in Sources */ = {isa = PBXBuildFile; fileRef = AC0F34B4240F4AFB006C5F45 /* ViewController.swift */; };
		AC0F34B8240F4AFB006C5F45 /* Main.storyboard in Resources */ = {isa = PBXBuildFile; fileRef = AC0F34B6240F4AFB006C5F45 /* Main.storyboard */; };
		AC0F34BA240F4AFB006C5F45 /* Assets.xcassets in Resources */ = {isa = PBXBuildFile; fileRef = AC0F34B9240F4AFB006C5F45 /* Assets.xcassets */; };
		AC0F34BD240F4AFB006C5F45 /* LaunchScreen.storyboard in Resources */ = {isa = PBXBuildFile; fileRef = AC0F34BB240F4AFB006C5F45 /* LaunchScreen.storyboard */; };
		AC0F34C7240F4ED4006C5F45 /* perfect.mp3 in Resources */ = {isa = PBXBuildFile; fileRef = AC0F34C5240F4ED4006C5F45 /* perfect.mp3 */; };
		AC0F34C8240F4ED4006C5F45 /* creep.mp3 in Resources */ = {isa = PBXBuildFile; fileRef = AC0F34C6240F4ED4006C5F45 /* creep.mp3 */; };
		AC0F34CA240F4F70006C5F45 /* make_you.mp3 in Resources */ = {isa = PBXBuildFile; fileRef = AC0F34C9240F4F70006C5F45 /* make_you.mp3 */; };
		AC0F34CC240F5008006C5F45 /* MusicListController.swift in Sources */ = {isa = PBXBuildFile; fileRef = AC0F34CB240F5008006C5F45 /* MusicListController.swift */; };
		AC0F34D1240F5255006C5F45 /* bt_pause.png in Resources */ = {isa = PBXBuildFile; fileRef = AC0F34CE240F5255006C5F45 /* bt_pause.png */; };
		AC0F34D2240F5255006C5F45 /* bt_stop.png in Resources */ = {isa = PBXBuildFile; fileRef = AC0F34CF240F5255006C5F45 /* bt_stop.png */; };
		AC0F34D3240F5255006C5F45 /* bt_play.png in Resources */ = {isa = PBXBuildFile; fileRef = AC0F34D0240F5255006C5F45 /* bt_play.png */; };
		AC0F34D5240F5301006C5F45 /* PlayController.swift in Sources */ = {isa = PBXBuildFile; fileRef = AC0F34D4240F5301006C5F45 /* PlayController.swift */; };
/* End PBXBuildFile section */

/* Begin PBXFileReference section */
		AC0F34AD240F4AFB006C5F45 /* MP3Player.app */ = {isa = PBXFileReference; explicitFileType = wrapper.application; includeInIndex = 0; path = MP3Player.app; sourceTree = BUILT_PRODUCTS_DIR; };
		AC0F34B0240F4AFB006C5F45 /* AppDelegate.swift */ = {isa = PBXFileReference; lastKnownFileType = sourcecode.swift; path = AppDelegate.swift; sourceTree = "<group>"; };
		AC0F34B2240F4AFB006C5F45 /* SceneDelegate.swift */ = {isa = PBXFileReference; lastKnownFileType = sourcecode.swift; path = SceneDelegate.swift; sourceTree = "<group>"; };
		AC0F34B4240F4AFB006C5F45 /* ViewController.swift */ = {isa = PBXFileReference; lastKnownFileType = sourcecode.swift; path = ViewController.swift; sourceTree = "<group>"; };
		AC0F34B7240F4AFB006C5F45 /* Base */ = {isa = PBXFileReference; lastKnownFileType = file.storyboard; name = Base; path = Base.lproj/Main.storyboard; sourceTree = "<group>"; };
		AC0F34B9240F4AFB006C5F45 /* Assets.xcassets */ = {isa = PBXFileReference; lastKnownFileType = folder.assetcatalog; path = Assets.xcassets; sourceTree = "<group>"; };
		AC0F34BC240F4AFB006C5F45 /* Base */ = {isa = PBXFileReference; lastKnownFileType = file.storyboard; name = Base; path = Base.lproj/LaunchScreen.storyboard; sourceTree = "<group>"; };
		AC0F34BE240F4AFB006C5F45 /* Info.plist */ = {isa = PBXFileReference; lastKnownFileType = text.plist.xml; path = Info.plist; sourceTree = "<group>"; };
		AC0F34C5240F4ED4006C5F45 /* perfect.mp3 */ = {isa = PBXFileReference; lastKnownFileType = audio.mp3; path = perfect.mp3; sourceTree = "<group>"; };
		AC0F34C6240F4ED4006C5F45 /* creep.mp3 */ = {isa = PBXFileReference; lastKnownFileType = audio.mp3; path = creep.mp3; sourceTree = "<group>"; };
		AC0F34C9240F4F70006C5F45 /* make_you.mp3 */ = {isa = PBXFileReference; lastKnownFileType = audio.mp3; path = make_you.mp3; sourceTree = "<group>"; };
		AC0F34CB240F5008006C5F45 /* MusicListController.swift */ = {isa = PBXFileReference; lastKnownFileType = sourcecode.swift; path = MusicListController.swift; sourceTree = "<group>"; };
		AC0F34CE240F5255006C5F45 /* bt_pause.png */ = {isa = PBXFileReference; lastKnownFileType = image.png; path = bt_pause.png; sourceTree = "<group>"; };
		AC0F34CF240F5255006C5F45 /* bt_stop.png */ = {isa = PBXFileReference; lastKnownFileType = image.png; path = bt_stop.png; sourceTree = "<group>"; };
		AC0F34D0240F5255006C5F45 /* bt_play.png */ = {isa = PBXFileReference; lastKnownFileType = image.png; path = bt_play.png; sourceTree = "<group>"; };
		AC0F34D4240F5301006C5F45 /* PlayController.swift */ = {isa = PBXFileReference; lastKnownFileType = sourcecode.swift; path = PlayController.swift; sourceTree = "<group>"; };
/* End PBXFileReference section */

/* Begin PBXFrameworksBuildPhase section */
		AC0F34AA240F4AFB006C5F45 /* Frameworks */ = {
			isa = PBXFrameworksBuildPhase;
			buildActionMask = 2147483647;
			files = (
			);
			runOnlyForDeploymentPostprocessing = 0;
		};
/* End PBXFrameworksBuildPhase section */

/* Begin PBXGroup section */
		AC0F34A4240F4AFB006C5F45 = {
			isa = PBXGroup;
			children = (
				AC0F34CD240F524D006C5F45 /* images */,
				AC0F34C4240F4EC9006C5F45 /* music */,
				AC0F34AF240F4AFB006C5F45 /* MP3Player */,
				AC0F34AE240F4AFB006C5F45 /* Products */,
			);
			sourceTree = "<group>";
		};
		AC0F34AE240F4AFB006C5F45 /* Products */ = {
			isa = PBXGroup;
			children = (
				AC0F34AD240F4AFB006C5F45 /* MP3Player.app */,
			);
			name = Products;
			sourceTree = "<group>";
		};
		AC0F34AF240F4AFB006C5F45 /* MP3Player */ = {
			isa = PBXGroup;
			children = (
				AC0F34B0240F4AFB006C5F45 /* AppDelegate.swift */,
				AC0F34B2240F4AFB006C5F45 /* SceneDelegate.swift */,
				AC0F34B4240F4AFB006C5F45 /* ViewController.swift */,
				AC0F34B6240F4AFB006C5F45 /* Main.storyboard */,
				AC0F34B9240F4AFB006C5F45 /* Assets.xcassets */,
				AC0F34BB240F4AFB006C5F45 /* LaunchScreen.storyboard */,
				AC0F34BE240F4AFB006C5F45 /* Info.plist */,
				AC0F34CB240F5008006C5F45 /* MusicListController.swift */,
				AC0F34D4240F5301006C5F45 /* PlayController.swift */,
			);
			path = MP3Player;
			sourceTree = "<group>";
		};
		AC0F34C4240F4EC9006C5F45 /* music */ = {
			isa = PBXGroup;
			children = (
				AC0F34C9240F4F70006C5F45 /* make_you.mp3 */,
				AC0F34C6240F4ED4006C5F45 /* creep.mp3 */,
				AC0F34C5240F4ED4006C5F45 /* perfect.mp3 */,
			);
			path = music;
			sourceTree = "<group>";
		};
		AC0F34CD240F524D006C5F45 /* images */ = {
			isa = PBXGroup;
			children = (
				AC0F34CE240F5255006C5F45 /* bt_pause.png */,
				AC0F34D0240F5255006C5F45 /* bt_play.png */,
				AC0F34CF240F5255006C5F45 /* bt_stop.png */,
			);
			path = images;
			sourceTree = "<group>";
		};
/* End PBXGroup section */

/* Begin PBXNativeTarget section */
		AC0F34AC240F4AFB006C5F45 /* MP3Player */ = {
			isa = PBXNativeTarget;
			buildConfigurationList = AC0F34C1240F4AFB006C5F45 /* Build configuration list for PBXNativeTarget "MP3Player" */;
			buildPhases = (
				AC0F34A9240F4AFB006C5F45 /* Sources */,
				AC0F34AA240F4AFB006C5F45 /* Frameworks */,
				AC0F34AB240F4AFB006C5F45 /* Resources */,
			);
			buildRules = (
			);
			dependencies = (
			);
			name = MP3Player;
			productName = MP3Player;
			productReference = AC0F34AD240F4AFB006C5F45 /* MP3Player.app */;
			productType = "com.apple.product-type.application";
		};
/* End PBXNativeTarget section */

/* Begin PBXProject section */
		AC0F34A5240F4AFB006C5F45 /* Project object */ = {
			isa = PBXProject;
			attributes = {
				LastSwiftUpdateCheck = 1130;
				LastUpgradeCheck = 1130;
				ORGANIZATIONNAME = "zino-mac";
				TargetAttributes = {
					AC0F34AC240F4AFB006C5F45 = {
						CreatedOnToolsVersion = 11.3.1;
					};
				};
			};
			buildConfigurationList = AC0F34A8240F4AFB006C5F45 /* Build configuration list for PBXProject "MP3Player" */;
			compatibilityVersion = "Xcode 9.3";
			developmentRegion = en;
			hasScannedForEncodings = 0;
			knownRegions = (
				en,
				Base,
			);
			mainGroup = AC0F34A4240F4AFB006C5F45;
			productRefGroup = AC0F34AE240F4AFB006C5F45 /* Products */;
			projectDirPath = "";
			projectRoot = "";
			targets = (
				AC0F34AC240F4AFB006C5F45 /* MP3Player */,
			);
		};
/* End PBXProject section */

/* Begin PBXResourcesBuildPhase section */
		AC0F34AB240F4AFB006C5F45 /* Resources */ = {
			isa = PBXResourcesBuildPhase;
			buildActionMask = 2147483647;
			files = (
				AC0F34BD240F4AFB006C5F45 /* LaunchScreen.storyboard in Resources */,
				AC0F34D2240F5255006C5F45 /* bt_stop.png in Resources */,
				AC0F34C8240F4ED4006C5F45 /* creep.mp3 in Resources */,
				AC0F34D3240F5255006C5F45 /* bt_play.png in Resources */,
				AC0F34D1240F5255006C5F45 /* bt_pause.png in Resources */,
				AC0F34CA240F4F70006C5F45 /* make_you.mp3 in Resources */,
				AC0F34BA240F4AFB006C5F45 /* Assets.xcassets in Resources */,
				AC0F34C7240F4ED4006C5F45 /* perfect.mp3 in Resources */,
				AC0F34B8240F4AFB006C5F45 /* Main.storyboard in Resources */,
			);
			runOnlyForDeploymentPostprocessing = 0;
		};
/* End PBXResourcesBuildPhase section */

/* Begin PBXSourcesBuildPhase section */
		AC0F34A9240F4AFB006C5F45 /* Sources */ = {
			isa = PBXSourcesBuildPhase;
			buildActionMask = 2147483647;
			files = (
				AC0F34B5240F4AFB006C5F45 /* ViewController.swift in Sources */,
				AC0F34CC240F5008006C5F45 /* MusicListController.swift in Sources */,
				AC0F34B1240F4AFB006C5F45 /* AppDelegate.swift in Sources */,
				AC0F34B3240F4AFB006C5F45 /* SceneDelegate.swift in Sources */,
				AC0F34D5240F5301006C5F45 /* PlayController.swift in Sources */,
			);
			runOnlyForDeploymentPostprocessing = 0;
		};
/* End PBXSourcesBuildPhase section */

/* Begin PBXVariantGroup section */
		AC0F34B6240F4AFB006C5F45 /* Main.storyboard */ = {
			isa = PBXVariantGroup;
			children = (
				AC0F34B7240F4AFB006C5F45 /* Base */,
			);
			name = Main.storyboard;
			sourceTree = "<group>";
		};
		AC0F34BB240F4AFB006C5F45 /* LaunchScreen.storyboard */ = {
			isa = PBXVariantGroup;
			children = (
				AC0F34BC240F4AFB006C5F45 /* Base */,
			);
			name = LaunchScreen.storyboard;
			sourceTree = "<group>";
		};
/* End PBXVariantGroup section */

/* Begin XCBuildConfiguration section */
		AC0F34BF240F4AFB006C5F45 /* Debug */ = {
			isa = XCBuildConfiguration;
			buildSettings = {
				ALWAYS_SEARCH_USER_PATHS = NO;
				CLANG_ANALYZER_NONNULL = YES;
				CLANG_ANALYZER_NUMBER_OBJECT_CONVERSION = YES_AGGRESSIVE;
				CLANG_CXX_LANGUAGE_STANDARD = "gnu++14";
				CLANG_CXX_LIBRARY = "libc++";
				CLANG_ENABLE_MODULES = YES;
				CLANG_ENABLE_OBJC_ARC = YES;
				CLANG_ENABLE_OBJC_WEAK = YES;
				CLANG_WARN_BLOCK_CAPTURE_AUTORELEASING = YES;
				CLANG_WARN_BOOL_CONVERSION = YES;
				CLANG_WARN_COMMA = YES;
				CLANG_WARN_CONSTANT_CONVERSION = YES;
				CLANG_WARN_DEPRECATED_OBJC_IMPLEMENTATIONS = YES;
				CLANG_WARN_DIRECT_OBJC_ISA_USAGE = YES_ERROR;
				CLANG_WARN_DOCUMENTATION_COMMENTS = YES;
				CLANG_WARN_EMPTY_BODY = YES;
				CLANG_WARN_ENUM_CONVERSION = YES;
				CLANG_WARN_INFINITE_RECURSION = YES;
				CLANG_WARN_INT_CONVERSION = YES;
				CLANG_WARN_NON_LITERAL_NULL_CONVERSION = YES;
				CLANG_WARN_OBJC_IMPLICIT_RETAIN_SELF = YES;
				CLANG_WARN_OBJC_LITERAL_CONVERSION = YES;
				CLANG_WARN_OBJC_ROOT_CLASS = YES_ERROR;
				CLANG_WARN_RANGE_LOOP_ANALYSIS = YES;
				CLANG_WARN_STRICT_PROTOTYPES = YES;
				CLANG_WARN_SUSPICIOUS_MOVE = YES;
				CLANG_WARN_UNGUARDED_AVAILABILITY = YES_AGGRESSIVE;
				CLANG_WARN_UNREACHABLE_CODE = YES;
				CLANG_WARN__DUPLICATE_METHOD_MATCH = YES;
				COPY_PHASE_STRIP = NO;
				DEBUG_INFORMATION_FORMAT = dwarf;
				ENABLE_STRICT_OBJC_MSGSEND = YES;
				ENABLE_TESTABILITY = YES;
				GCC_C_LANGUAGE_STANDARD = gnu11;
				GCC_DYNAMIC_NO_PIC = NO;
				GCC_NO_COMMON_BLOCKS = YES;
				GCC_OPTIMIZATION_LEVEL = 0;
				GCC_PREPROCESSOR_DEFINITIONS = (
					"DEBUG=1",
					"$(inherited)",
				);
				GCC_WARN_64_TO_32_BIT_CONVERSION = YES;
				GCC_WARN_ABOUT_RETURN_TYPE = YES_ERROR;
				GCC_WARN_UNDECLARED_SELECTOR = YES;
				GCC_WARN_UNINITIALIZED_AUTOS = YES_AGGRESSIVE;
				GCC_WARN_UNUSED_FUNCTION = YES;
				GCC_WARN_UNUSED_VARIABLE = YES;
				IPHONEOS_DEPLOYMENT_TARGET = 13.2;
				MTL_ENABLE_DEBUG_INFO = INCLUDE_SOURCE;
				MTL_FAST_MATH = YES;
				ONLY_ACTIVE_ARCH = YES;
				SDKROOT = iphoneos;
				SWIFT_ACTIVE_COMPILATION_CONDITIONS = DEBUG;
				SWIFT_OPTIMIZATION_LEVEL = "-Onone";
			};
			name = Debug;
		};
		AC0F34C0240F4AFB006C5F45 /* Release */ = {
			isa = XCBuildConfiguration;
			buildSettings = {
				ALWAYS_SEARCH_USER_PATHS = NO;
				CLANG_ANALYZER_NONNULL = YES;
				CLANG_ANALYZER_NUMBER_OBJECT_CONVERSION = YES_AGGRESSIVE;
				CLANG_CXX_LANGUAGE_STANDARD = "gnu++14";
				CLANG_CXX_LIBRARY = "libc++";
				CLANG_ENABLE_MODULES = YES;
				CLANG_ENABLE_OBJC_ARC = YES;
				CLANG_ENABLE_OBJC_WEAK = YES;
				CLANG_WARN_BLOCK_CAPTURE_AUTORELEASING = YES;
				CLANG_WARN_BOOL_CONVERSION = YES;
				CLANG_WARN_COMMA = YES;
				CLANG_WARN_CONSTANT_CONVERSION = YES;
				CLANG_WARN_DEPRECATED_OBJC_IMPLEMENTATIONS = YES;
				CLANG_WARN_DIRECT_OBJC_ISA_USAGE = YES_ERROR;
				CLANG_WARN_DOCUMENTATION_COMMENTS = YES;
				CLANG_WARN_EMPTY_BODY = YES;
				CLANG_WARN_ENUM_CONVERSION = YES;
				CLANG_WARN_INFINITE_RECURSION = YES;
				CLANG_WARN_INT_CONVERSION = YES;
				CLANG_WARN_NON_LITERAL_NULL_CONVERSION = YES;
				CLANG_WARN_OBJC_IMPLICIT_RETAIN_SELF = YES;
				CLANG_WARN_OBJC_LITERAL_CONVERSION = YES;
				CLANG_WARN_OBJC_ROOT_CLASS = YES_ERROR;
				CLANG_WARN_RANGE_LOOP_ANALYSIS = YES;
				CLANG_WARN_STRICT_PROTOTYPES = YES;
				CLANG_WARN_SUSPICIOUS_MOVE = YES;
				CLANG_WARN_UNGUARDED_AVAILABILITY = YES_AGGRESSIVE;
				CLANG_WARN_UNREACHABLE_CODE = YES;
				CLANG_WARN__DUPLICATE_METHOD_MATCH = YES;
				COPY_PHASE_STRIP = NO;
				DEBUG_INFORMATION_FORMAT = "dwarf-with-dsym";
				ENABLE_NS_ASSERTIONS = NO;
				ENABLE_STRICT_OBJC_MSGSEND = YES;
				GCC_C_LANGUAGE_STANDARD = gnu11;
				GCC_NO_COMMON_BLOCKS = YES;
				GCC_WARN_64_TO_32_BIT_CONVERSION = YES;
				GCC_WARN_ABOUT_RETURN_TYPE = YES_ERROR;
				GCC_WARN_UNDECLARED_SELECTOR = YES;
				GCC_WARN_UNINITIALIZED_AUTOS = YES_AGGRESSIVE;
				GCC_WARN_UNUSED_FUNCTION = YES;
				GCC_WARN_UNUSED_VARIABLE = YES;
				IPHONEOS_DEPLOYMENT_TARGET = 13.2;
				MTL_ENABLE_DEBUG_INFO = NO;
				MTL_FAST_MATH = YES;
				SDKROOT = iphoneos;
				SWIFT_COMPILATION_MODE = wholemodule;
				SWIFT_OPTIMIZATION_LEVEL = "-O";
				VALIDATE_PRODUCT = YES;
			};
			name = Release;
		};
		AC0F34C2240F4AFB006C5F45 /* Debug */ = {
			isa = XCBuildConfiguration;
			buildSettings = {
				ASSETCATALOG_COMPILER_APPICON_NAME = AppIcon;
				CODE_SIGN_STYLE = Automatic;
				INFOPLIST_FILE = MP3Player/Info.plist;
				LD_RUNPATH_SEARCH_PATHS = (
					"$(inherited)",
					"@executable_path/Frameworks",
				);
				PRODUCT_BUNDLE_IDENTIFIER = com.minssam.MP3Player;
				PRODUCT_NAME = "$(TARGET_NAME)";
				SWIFT_VERSION = 5.0;
				TARGETED_DEVICE_FAMILY = "1,2";
			};
			name = Debug;
		};
		AC0F34C3240F4AFB006C5F45 /* Release */ = {
			isa = XCBuildConfiguration;
			buildSettings = {
				ASSETCATALOG_COMPILER_APPICON_NAME = AppIcon;
				CODE_SIGN_STYLE = Automatic;
				INFOPLIST_FILE = MP3Player/Info.plist;
				LD_RUNPATH_SEARCH_PATHS = (
					"$(inherited)",
					"@executable_path/Frameworks",
				);
				PRODUCT_BUNDLE_IDENTIFIER = com.minssam.MP3Player;
				PRODUCT_NAME = "$(TARGET_NAME)";
				SWIFT_VERSION = 5.0;
				TARGETED_DEVICE_FAMILY = "1,2";
			};
			name = Release;
		};
/* End XCBuildConfiguration section */

/* Begin XCConfigurationList section */
		AC0F34A8240F4AFB006C5F45 /* Build configuration list for PBXProject "MP3Player" */ = {
			isa = XCConfigurationList;
			buildConfigurations = (
				AC0F34BF240F4AFB006C5F45 /* Debug */,
				AC0F34C0240F4AFB006C5F45 /* Release */,
			);
			defaultConfigurationIsVisible = 0;
			defaultConfigurationName = Release;
		};
		AC0F34C1240F4AFB006C5F45 /* Build configuration list for PBXNativeTarget "MP3Player" */ = {
			isa = XCConfigurationList;
			buildConfigurations = (
				AC0F34C2240F4AFB006C5F45 /* Debug */,
				AC0F34C3240F4AFB006C5F45 /* Release */,
			);
			defaultConfigurationIsVisible = 0;
			defaultConfigurationName = Release;
		};
/* End XCConfigurationList section */
	};
	rootObject = AC0F34A5240F4AFB006C5F45 /* Project object */;
}
